// !$*UTF8*$!
{
	archiveVersion = 1;
	classes = {
	};
	objectVersion = 51;
	objects = {

/* Begin PBXBuildFile section */
		B19DC44FB81D06415003EA69 /* Pods_TaskList.framework in Frameworks */ = {isa = PBXBuildFile; fileRef = 1738DAF0A025638C6AC95D0F /* Pods_TaskList.framework */; };
		DB004855265B5553008C7832 /* Extension + UITableViewController.swift in Sources */ = {isa = PBXBuildFile; fileRef = DB004854265B5553008C7832 /* Extension + UITableViewController.swift */; };
		DB4C6548265660F90077058D /* .gitignore in Resources */ = {isa = PBXBuildFile; fileRef = DB4C6547265660F90077058D /* .gitignore */; };
		DBF53AD426552F96009A3BF5 /* AppDelegate.swift in Sources */ = {isa = PBXBuildFile; fileRef = DBF53AD326552F96009A3BF5 /* AppDelegate.swift */; };
		DBF53AD626552F96009A3BF5 /* SceneDelegate.swift in Sources */ = {isa = PBXBuildFile; fileRef = DBF53AD526552F96009A3BF5 /* SceneDelegate.swift */; };
		DBF53AD826552F96009A3BF5 /* TaskListViewController.swift in Sources */ = {isa = PBXBuildFile; fileRef = DBF53AD726552F96009A3BF5 /* TaskListViewController.swift */; };
		DBF53ADB26552F96009A3BF5 /* Main.storyboard in Resources */ = {isa = PBXBuildFile; fileRef = DBF53AD926552F96009A3BF5 /* Main.storyboard */; };
		DBF53ADD26552F9B009A3BF5 /* Assets.xcassets in Resources */ = {isa = PBXBuildFile; fileRef = DBF53ADC26552F9B009A3BF5 /* Assets.xcassets */; };
		DBF53AE026552F9B009A3BF5 /* LaunchScreen.storyboard in Resources */ = {isa = PBXBuildFile; fileRef = DBF53ADE26552F9B009A3BF5 /* LaunchScreen.storyboard */; };
		DBF53AE926553411009A3BF5 /* TaskViewController.swift in Sources */ = {isa = PBXBuildFile; fileRef = DBF53AE826553411009A3BF5 /* TaskViewController.swift */; };
		DBF53AEB265535A9009A3BF5 /* Task.swift in Sources */ = {isa = PBXBuildFile; fileRef = DBF53AEA265535A9009A3BF5 /* Task.swift */; };
		DBF53AEE26553A9F009A3BF5 /* DataManager.swift in Sources */ = {isa = PBXBuildFile; fileRef = DBF53AED26553A9F009A3BF5 /* DataManager.swift */; };
		DBF53AF126553B72009A3BF5 /* StorageManager.swift in Sources */ = {isa = PBXBuildFile; fileRef = DBF53AF026553B72009A3BF5 /* StorageManager.swift */; };
		DBF53AF326553CAD009A3BF5 /* Extension + UIAlertController.swift in Sources */ = {isa = PBXBuildFile; fileRef = DBF53AF226553CAD009A3BF5 /* Extension + UIAlertController.swift */; };
		DBF53AF526553D23009A3BF5 /* Extension + UITableViewCell.swift in Sources */ = {isa = PBXBuildFile; fileRef = DBF53AF426553D23009A3BF5 /* Extension + UITableViewCell.swift */; };
		DBF53AF826553F24009A3BF5 /* TaskList.swift in Sources */ = {isa = PBXBuildFile; fileRef = DBF53AF726553F24009A3BF5 /* TaskList.swift */; };
/* End PBXBuildFile section */

/* Begin PBXFileReference section */
		1738DAF0A025638C6AC95D0F /* Pods_TaskList.framework */ = {isa = PBXFileReference; explicitFileType = wrapper.framework; includeInIndex = 0; path = Pods_TaskList.framework; sourceTree = BUILT_PRODUCTS_DIR; };
		63E9BAF52E624620C88385D3 /* Pods-TaskList.debug.xcconfig */ = {isa = PBXFileReference; includeInIndex = 1; lastKnownFileType = text.xcconfig; name = "Pods-TaskList.debug.xcconfig"; path = "Target Support Files/Pods-TaskList/Pods-TaskList.debug.xcconfig"; sourceTree = "<group>"; };
		BE936A3512046DCDA8F30D6B /* Pods-TaskList.release.xcconfig */ = {isa = PBXFileReference; includeInIndex = 1; lastKnownFileType = text.xcconfig; name = "Pods-TaskList.release.xcconfig"; path = "Target Support Files/Pods-TaskList/Pods-TaskList.release.xcconfig"; sourceTree = "<group>"; };
		DB004854265B5553008C7832 /* Extension + UITableViewController.swift */ = {isa = PBXFileReference; lastKnownFileType = sourcecode.swift; path = "Extension + UITableViewController.swift"; sourceTree = "<group>"; };
		DB4C6547265660F90077058D /* .gitignore */ = {isa = PBXFileReference; lastKnownFileType = text; path = .gitignore; sourceTree = "<group>"; };
		DBF53AD026552F96009A3BF5 /* TaskList.app */ = {isa = PBXFileReference; explicitFileType = wrapper.application; includeInIndex = 0; path = TaskList.app; sourceTree = BUILT_PRODUCTS_DIR; };
		DBF53AD326552F96009A3BF5 /* AppDelegate.swift */ = {isa = PBXFileReference; lastKnownFileType = sourcecode.swift; path = AppDelegate.swift; sourceTree = "<group>"; };
		DBF53AD526552F96009A3BF5 /* SceneDelegate.swift */ = {isa = PBXFileReference; lastKnownFileType = sourcecode.swift; path = SceneDelegate.swift; sourceTree = "<group>"; };
		DBF53AD726552F96009A3BF5 /* TaskListViewController.swift */ = {isa = PBXFileReference; lastKnownFileType = sourcecode.swift; path = TaskListViewController.swift; sourceTree = "<group>"; };
		DBF53ADA26552F96009A3BF5 /* Base */ = {isa = PBXFileReference; lastKnownFileType = file.storyboard; name = Base; path = Base.lproj/Main.storyboard; sourceTree = "<group>"; };
		DBF53ADC26552F9B009A3BF5 /* Assets.xcassets */ = {isa = PBXFileReference; lastKnownFileType = folder.assetcatalog; path = Assets.xcassets; sourceTree = "<group>"; };
		DBF53ADF26552F9B009A3BF5 /* Base */ = {isa = PBXFileReference; lastKnownFileType = file.storyboard; name = Base; path = Base.lproj/LaunchScreen.storyboard; sourceTree = "<group>"; };
		DBF53AE126552F9B009A3BF5 /* Info.plist */ = {isa = PBXFileReference; lastKnownFileType = text.plist.xml; path = Info.plist; sourceTree = "<group>"; };
		DBF53AE826553411009A3BF5 /* TaskViewController.swift */ = {isa = PBXFileReference; lastKnownFileType = sourcecode.swift; path = TaskViewController.swift; sourceTree = "<group>"; };
		DBF53AEA265535A9009A3BF5 /* Task.swift */ = {isa = PBXFileReference; lastKnownFileType = sourcecode.swift; path = Task.swift; sourceTree = "<group>"; };
		DBF53AED26553A9F009A3BF5 /* DataManager.swift */ = {isa = PBXFileReference; lastKnownFileType = sourcecode.swift; path = DataManager.swift; sourceTree = "<group>"; };
		DBF53AF026553B72009A3BF5 /* StorageManager.swift */ = {isa = PBXFileReference; lastKnownFileType = sourcecode.swift; path = StorageManager.swift; sourceTree = "<group>"; };
		DBF53AF226553CAD009A3BF5 /* Extension + UIAlertController.swift */ = {isa = PBXFileReference; lastKnownFileType = sourcecode.swift; path = "Extension + UIAlertController.swift"; sourceTree = "<group>"; };
		DBF53AF426553D23009A3BF5 /* Extension + UITableViewCell.swift */ = {isa = PBXFileReference; lastKnownFileType = sourcecode.swift; path = "Extension + UITableViewCell.swift"; sourceTree = "<group>"; };
		DBF53AF726553F24009A3BF5 /* TaskList.swift */ = {isa = PBXFileReference; lastKnownFileType = sourcecode.swift; path = TaskList.swift; sourceTree = "<group>"; };
/* End PBXFileReference section */

/* Begin PBXFrameworksBuildPhase section */
		DBF53ACD26552F96009A3BF5 /* Frameworks */ = {
			isa = PBXFrameworksBuildPhase;
			buildActionMask = 2147483647;
			files = (
				B19DC44FB81D06415003EA69 /* Pods_TaskList.framework in Frameworks */,
			);
			runOnlyForDeploymentPostprocessing = 0;
		};
/* End PBXFrameworksBuildPhase section */

/* Begin PBXGroup section */
		5768BF75FD6A795A51D95D29 /* Frameworks */ = {
			isa = PBXGroup;
			children = (
				1738DAF0A025638C6AC95D0F /* Pods_TaskList.framework */,
			);
			name = Frameworks;
			sourceTree = "<group>";
		};
		6C484ED9866566C6F8E1E68C /* Pods */ = {
			isa = PBXGroup;
			children = (
				63E9BAF52E624620C88385D3 /* Pods-TaskList.debug.xcconfig */,
				BE936A3512046DCDA8F30D6B /* Pods-TaskList.release.xcconfig */,
			);
			path = Pods;
			sourceTree = "<group>";
		};
		DBF53AC726552F96009A3BF5 = {
			isa = PBXGroup;
			children = (
				DB4C6547265660F90077058D /* .gitignore */,
				DBF53AD226552F96009A3BF5 /* TaskList */,
				DBF53AD126552F96009A3BF5 /* Products */,
				6C484ED9866566C6F8E1E68C /* Pods */,
				5768BF75FD6A795A51D95D29 /* Frameworks */,
			);
			sourceTree = "<group>";
		};
		DBF53AD126552F96009A3BF5 /* Products */ = {
			isa = PBXGroup;
			children = (
				DBF53AD026552F96009A3BF5 /* TaskList.app */,
			);
			name = Products;
			sourceTree = "<group>";
		};
		DBF53AD226552F96009A3BF5 /* TaskList */ = {
			isa = PBXGroup;
			children = (
				DBF53AEC265535AF009A3BF5 /* Models */,
				DBF53AEF26553AB5009A3BF5 /* Services */,
				DBF53AE7265533ED009A3BF5 /* ViewControllers */,
				DBF53AF626553D44009A3BF5 /* Extensions */,
				DBF53AF92655421D009A3BF5 /* Storyboards */,
				DBF53AFB2655424C009A3BF5 /* Supporting */,
				DBF53AFA2655423C009A3BF5 /* Resources */,
			);
			path = TaskList;
			sourceTree = "<group>";
		};
		DBF53AE7265533ED009A3BF5 /* ViewControllers */ = {
			isa = PBXGroup;
			children = (
				DBF53AD726552F96009A3BF5 /* TaskListViewController.swift */,
				DBF53AE826553411009A3BF5 /* TaskViewController.swift */,
			);
			path = ViewControllers;
			sourceTree = "<group>";
		};
		DBF53AEC265535AF009A3BF5 /* Models */ = {
			isa = PBXGroup;
			children = (
				DBF53AF726553F24009A3BF5 /* TaskList.swift */,
				DBF53AEA265535A9009A3BF5 /* Task.swift */,
			);
			path = Models;
			sourceTree = "<group>";
		};
		DBF53AEF26553AB5009A3BF5 /* Services */ = {
			isa = PBXGroup;
			children = (
				DBF53AF026553B72009A3BF5 /* StorageManager.swift */,
				DBF53AED26553A9F009A3BF5 /* DataManager.swift */,
			);
			path = Services;
			sourceTree = "<group>";
		};
		DBF53AF626553D44009A3BF5 /* Extensions */ = {
			isa = PBXGroup;
			children = (
				DB004854265B5553008C7832 /* Extension + UITableViewController.swift */,
				DBF53AF426553D23009A3BF5 /* Extension + UITableViewCell.swift */,
				DBF53AF226553CAD009A3BF5 /* Extension + UIAlertController.swift */,
			);
			path = Extensions;
			sourceTree = "<group>";
		};
		DBF53AF92655421D009A3BF5 /* Storyboards */ = {
			isa = PBXGroup;
			children = (
				DBF53AD926552F96009A3BF5 /* Main.storyboard */,
				DBF53ADE26552F9B009A3BF5 /* LaunchScreen.storyboard */,
			);
			path = Storyboards;
			sourceTree = "<group>";
		};
		DBF53AFA2655423C009A3BF5 /* Resources */ = {
			isa = PBXGroup;
			children = (
				DBF53ADC26552F9B009A3BF5 /* Assets.xcassets */,
			);
			path = Resources;
			sourceTree = "<group>";
		};
		DBF53AFB2655424C009A3BF5 /* Supporting */ = {
			isa = PBXGroup;
			children = (
				DBF53AD326552F96009A3BF5 /* AppDelegate.swift */,
				DBF53AD526552F96009A3BF5 /* SceneDelegate.swift */,
				DBF53AE126552F9B009A3BF5 /* Info.plist */,
			);
			path = Supporting;
			sourceTree = "<group>";
		};
/* End PBXGroup section */

/* Begin PBXNativeTarget section */
		DBF53ACF26552F96009A3BF5 /* TaskList */ = {
			isa = PBXNativeTarget;
			buildConfigurationList = DBF53AE426552F9B009A3BF5 /* Build configuration list for PBXNativeTarget "TaskList" */;
			buildPhases = (
				18C4C5FD6D3D1289065C76FD /* [CP] Check Pods Manifest.lock */,
				DBF53ACC26552F96009A3BF5 /* Sources */,
				DBF53ACD26552F96009A3BF5 /* Frameworks */,
				DBF53ACE26552F96009A3BF5 /* Resources */,
				F551D2EB8A963201D3B97B5F /* [CP] Embed Pods Frameworks */,
			);
			buildRules = (
			);
			dependencies = (
			);
			name = TaskList;
			productName = TaskList;
			productReference = DBF53AD026552F96009A3BF5 /* TaskList.app */;
			productType = "com.apple.product-type.application";
		};
/* End PBXNativeTarget section */

/* Begin PBXProject section */
		DBF53AC826552F96009A3BF5 /* Project object */ = {
			isa = PBXProject;
			attributes = {
				LastSwiftUpdateCheck = 1250;
				LastUpgradeCheck = 1250;
				TargetAttributes = {
					DBF53ACF26552F96009A3BF5 = {
						CreatedOnToolsVersion = 12.5;
					};
				};
			};
			buildConfigurationList = DBF53ACB26552F96009A3BF5 /* Build configuration list for PBXProject "TaskList" */;
			compatibilityVersion = "Xcode 9.3";
			developmentRegion = en;
			hasScannedForEncodings = 0;
			knownRegions = (
				en,
				Base,
			);
			mainGroup = DBF53AC726552F96009A3BF5;
			productRefGroup = DBF53AD126552F96009A3BF5 /* Products */;
			projectDirPath = "";
			projectRoot = "";
			targets = (
				DBF53ACF26552F96009A3BF5 /* TaskList */,
			);
		};
/* End PBXProject section */

/* Begin PBXResourcesBuildPhase section */
		DBF53ACE26552F96009A3BF5 /* Resources */ = {
			isa = PBXResourcesBuildPhase;
			buildActionMask = 2147483647;
			files = (
				DB4C6548265660F90077058D /* .gitignore in Resources */,
				DBF53AE026552F9B009A3BF5 /* LaunchScreen.storyboard in Resources */,
				DBF53ADD26552F9B009A3BF5 /* Assets.xcassets in Resources */,
				DBF53ADB26552F96009A3BF5 /* Main.storyboard in Resources */,
			);
			runOnlyForDeploymentPostprocessing = 0;
		};
/* End PBXResourcesBuildPhase section */

/* Begin PBXShellScriptBuildPhase section */
		18C4C5FD6D3D1289065C76FD /* [CP] Check Pods Manifest.lock */ = {
			isa = PBXShellScriptBuildPhase;
			buildActionMask = 2147483647;
			files = (
			);
			inputFileListPaths = (
			);
			inputPaths = (
				"${PODS_PODFILE_DIR_PATH}/Podfile.lock",
				"${PODS_ROOT}/Manifest.lock",
			);
			name = "[CP] Check Pods Manifest.lock";
			outputFileListPaths = (
			);
			outputPaths = (
				"$(DERIVED_FILE_DIR)/Pods-TaskList-checkManifestLockResult.txt",
			);
			runOnlyForDeploymentPostprocessing = 0;
			shellPath = /bin/sh;
			shellScript = "diff \"${PODS_PODFILE_DIR_PATH}/Podfile.lock\" \"${PODS_ROOT}/Manifest.lock\" > /dev/null\nif [ $? != 0 ] ; then\n    # print error to STDERR\n    echo \"error: The sandbox is not in sync with the Podfile.lock. Run 'pod install' or update your CocoaPods installation.\" >&2\n    exit 1\nfi\n# This output is used by Xcode 'outputs' to avoid re-running this script phase.\necho \"SUCCESS\" > \"${SCRIPT_OUTPUT_FILE_0}\"\n";
			showEnvVarsInLog = 0;
		};
		F551D2EB8A963201D3B97B5F /* [CP] Embed Pods Frameworks */ = {
			isa = PBXShellScriptBuildPhase;
			buildActionMask = 2147483647;
			files = (
			);
			inputFileListPaths = (
				"${PODS_ROOT}/Target Support Files/Pods-TaskList/Pods-TaskList-frameworks-${CONFIGURATION}-input-files.xcfilelist",
			);
			name = "[CP] Embed Pods Frameworks";
			outputFileListPaths = (
				"${PODS_ROOT}/Target Support Files/Pods-TaskList/Pods-TaskList-frameworks-${CONFIGURATION}-output-files.xcfilelist",
			);
			runOnlyForDeploymentPostprocessing = 0;
			shellPath = /bin/sh;
			shellScript = "\"${PODS_ROOT}/Target Support Files/Pods-TaskList/Pods-TaskList-frameworks.sh\"\n";
			showEnvVarsInLog = 0;
		};
/* End PBXShellScriptBuildPhase section */

/* Begin PBXSourcesBuildPhase section */
		DBF53ACC26552F96009A3BF5 /* Sources */ = {
			isa = PBXSourcesBuildPhase;
			buildActionMask = 2147483647;
			files = (
				DBF53AD826552F96009A3BF5 /* TaskListViewController.swift in Sources */,
				DBF53AEE26553A9F009A3BF5 /* DataManager.swift in Sources */,
				DBF53AEB265535A9009A3BF5 /* Task.swift in Sources */,
				DBF53AF126553B72009A3BF5 /* StorageManager.swift in Sources */,
				DBF53AF326553CAD009A3BF5 /* Extension + UIAlertController.swift in Sources */,
				DBF53AE926553411009A3BF5 /* TaskViewController.swift in Sources */,
				DBF53AF826553F24009A3BF5 /* TaskList.swift in Sources */,
				DBF53AF526553D23009A3BF5 /* Extension + UITableViewCell.swift in Sources */,
				DBF53AD426552F96009A3BF5 /* AppDelegate.swift in Sources */,
				DB004855265B5553008C7832 /* Extension + UITableViewController.swift in Sources */,
				DBF53AD626552F96009A3BF5 /* SceneDelegate.swift in Sources */,
			);
			runOnlyForDeploymentPostprocessing = 0;
		};
/* End PBXSourcesBuildPhase section */

/* Begin PBXVariantGroup section */
		DBF53AD926552F96009A3BF5 /* Main.storyboard */ = {
			isa = PBXVariantGroup;
			children = (
				DBF53ADA26552F96009A3BF5 /* Base */,
			);
			name = Main.storyboard;
			sourceTree = "<group>";
		};
		DBF53ADE26552F9B009A3BF5 /* LaunchScreen.storyboard */ = {
			isa = PBXVariantGroup;
			children = (
				DBF53ADF26552F9B009A3BF5 /* Base */,
			);
			name = LaunchScreen.storyboard;
			sourceTree = "<group>";
		};
/* End PBXVariantGroup section */

/* Begin XCBuildConfiguration section */
		DBF53AE226552F9B009A3BF5 /* Debug */ = {
			isa = XCBuildConfiguration;
			buildSettings = {
				ALWAYS_SEARCH_USER_PATHS = NO;
				CLANG_ANALYZER_NONNULL = YES;
				CLANG_ANALYZER_NUMBER_OBJECT_CONVERSION = YES_AGGRESSIVE;
				CLANG_CXX_LANGUAGE_STANDARD = "gnu++14";
				CLANG_CXX_LIBRARY = "libc++";
				CLANG_ENABLE_MODULES = YES;
				CLANG_ENABLE_OBJC_ARC = YES;
				CLANG_ENABLE_OBJC_WEAK = YES;
				CLANG_WARN_BLOCK_CAPTURE_AUTORELEASING = YES;
				CLANG_WARN_BOOL_CONVERSION = YES;
				CLANG_WARN_COMMA = YES;
				CLANG_WARN_CONSTANT_CONVERSION = YES;
				CLANG_WARN_DEPRECATED_OBJC_IMPLEMENTATIONS = YES;
				CLANG_WARN_DIRECT_OBJC_ISA_USAGE = YES_ERROR;
				CLANG_WARN_DOCUMENTATION_COMMENTS = YES;
				CLANG_WARN_EMPTY_BODY = YES;
				CLANG_WARN_ENUM_CONVERSION = YES;
				CLANG_WARN_INFINITE_RECURSION = YES;
				CLANG_WARN_INT_CONVERSION = YES;
				CLANG_WARN_NON_LITERAL_NULL_CONVERSION = YES;
				CLANG_WARN_OBJC_IMPLICIT_RETAIN_SELF = YES;
				CLANG_WARN_OBJC_LITERAL_CONVERSION = YES;
				CLANG_WARN_OBJC_ROOT_CLASS = YES_ERROR;
				CLANG_WARN_QUOTED_INCLUDE_IN_FRAMEWORK_HEADER = YES;
				CLANG_WARN_RANGE_LOOP_ANALYSIS = YES;
				CLANG_WARN_STRICT_PROTOTYPES = YES;
				CLANG_WARN_SUSPICIOUS_MOVE = YES;
				CLANG_WARN_UNGUARDED_AVAILABILITY = YES_AGGRESSIVE;
				CLANG_WARN_UNREACHABLE_CODE = YES;
				CLANG_WARN__DUPLICATE_METHOD_MATCH = YES;
				COPY_PHASE_STRIP = NO;
				DEBUG_INFORMATION_FORMAT = dwarf;
				ENABLE_STRICT_OBJC_MSGSEND = YES;
				ENABLE_TESTABILITY = YES;
				GCC_C_LANGUAGE_STANDARD = gnu11;
				GCC_DYNAMIC_NO_PIC = NO;
				GCC_NO_COMMON_BLOCKS = YES;
				GCC_OPTIMIZATION_LEVEL = 0;
				GCC_PREPROCESSOR_DEFINITIONS = (
					"DEBUG=1",
					"$(inherited)",
				);
				GCC_WARN_64_TO_32_BIT_CONVERSION = YES;
				GCC_WARN_ABOUT_RETURN_TYPE = YES_ERROR;
				GCC_WARN_UNDECLARED_SELECTOR = YES;
				GCC_WARN_UNINITIALIZED_AUTOS = YES_AGGRESSIVE;
				GCC_WARN_UNUSED_FUNCTION = YES;
				GCC_WARN_UNUSED_VARIABLE = YES;
				IPHONEOS_DEPLOYMENT_TARGET = 14.5;
				MTL_ENABLE_DEBUG_INFO = INCLUDE_SOURCE;
				MTL_FAST_MATH = YES;
				ONLY_ACTIVE_ARCH = YES;
				SDKROOT = iphoneos;
				SWIFT_ACTIVE_COMPILATION_CONDITIONS = DEBUG;
				SWIFT_OPTIMIZATION_LEVEL = "-Onone";
			};
			name = Debug;
		};
		DBF53AE326552F9B009A3BF5 /* Release */ = {
			isa = XCBuildConfiguration;
			buildSettings = {
				ALWAYS_SEARCH_USER_PATHS = NO;
				CLANG_ANALYZER_NONNULL = YES;
				CLANG_ANALYZER_NUMBER_OBJECT_CONVERSION = YES_AGGRESSIVE;
				CLANG_CXX_LANGUAGE_STANDARD = "gnu++14";
				CLANG_CXX_LIBRARY = "libc++";
				CLANG_ENABLE_MODULES = YES;
				CLANG_ENABLE_OBJC_ARC = YES;
				CLANG_ENABLE_OBJC_WEAK = YES;
				CLANG_WARN_BLOCK_CAPTURE_AUTORELEASING = YES;
				CLANG_WARN_BOOL_CONVERSION = YES;
				CLANG_WARN_COMMA = YES;
				CLANG_WARN_CONSTANT_CONVERSION = YES;
				CLANG_WARN_DEPRECATED_OBJC_IMPLEMENTATIONS = YES;
				CLANG_WARN_DIRECT_OBJC_ISA_USAGE = YES_ERROR;
				CLANG_WARN_DOCUMENTATION_COMMENTS = YES;
				CLANG_WARN_EMPTY_BODY = YES;
				CLANG_WARN_ENUM_CONVERSION = YES;
				CLANG_WARN_INFINITE_RECURSION = YES;
				CLANG_WARN_INT_CONVERSION = YES;
				CLANG_WARN_NON_LITERAL_NULL_CONVERSION = YES;
				CLANG_WARN_OBJC_IMPLICIT_RETAIN_SELF = YES;
				CLANG_WARN_OBJC_LITERAL_CONVERSION = YES;
				CLANG_WARN_OBJC_ROOT_CLASS = YES_ERROR;
				CLANG_WARN_QUOTED_INCLUDE_IN_FRAMEWORK_HEADER = YES;
				CLANG_WARN_RANGE_LOOP_ANALYSIS = YES;
				CLANG_WARN_STRICT_PROTOTYPES = YES;
				CLANG_WARN_SUSPICIOUS_MOVE = YES;
				CLANG_WARN_UNGUARDED_AVAILABILITY = YES_AGGRESSIVE;
				CLANG_WARN_UNREACHABLE_CODE = YES;
				CLANG_WARN__DUPLICATE_METHOD_MATCH = YES;
				COPY_PHASE_STRIP = NO;
				DEBUG_INFORMATION_FORMAT = "dwarf-with-dsym";
				ENABLE_NS_ASSERTIONS = NO;
				ENABLE_STRICT_OBJC_MSGSEND = YES;
				GCC_C_LANGUAGE_STANDARD = gnu11;
				GCC_NO_COMMON_BLOCKS = YES;
				GCC_WARN_64_TO_32_BIT_CONVERSION = YES;
				GCC_WARN_ABOUT_RETURN_TYPE = YES_ERROR;
				GCC_WARN_UNDECLARED_SELECTOR = YES;
				GCC_WARN_UNINITIALIZED_AUTOS = YES_AGGRESSIVE;
				GCC_WARN_UNUSED_FUNCTION = YES;
				GCC_WARN_UNUSED_VARIABLE = YES;
				IPHONEOS_DEPLOYMENT_TARGET = 14.5;
				MTL_ENABLE_DEBUG_INFO = NO;
				MTL_FAST_MATH = YES;
				SDKROOT = iphoneos;
				SWIFT_COMPILATION_MODE = wholemodule;
				SWIFT_OPTIMIZATION_LEVEL = "-O";
				VALIDATE_PRODUCT = YES;
			};
			name = Release;
		};
		DBF53AE526552F9B009A3BF5 /* Debug */ = {
			isa = XCBuildConfiguration;
			baseConfigurationReference = 63E9BAF52E624620C88385D3 /* Pods-TaskList.debug.xcconfig */;
			buildSettings = {
				ASSETCATALOG_COMPILER_APPICON_NAME = AppIcon;
				ASSETCATALOG_COMPILER_GLOBAL_ACCENT_COLOR_NAME = AccentColor;
				CODE_SIGN_STYLE = Automatic;
				DEVELOPMENT_TEAM = BZ37T979L3;
				INFOPLIST_FILE = TaskList/Supporting/Info.plist;
				LD_RUNPATH_SEARCH_PATHS = (
					"$(inherited)",
					"@executable_path/Frameworks",
				);
				PRODUCT_BUNDLE_IDENTIFIER = com.DmitryKononchuk.TaskList;
				PRODUCT_NAME = "$(TARGET_NAME)";
				SWIFT_VERSION = 5.0;
				TARGETED_DEVICE_FAMILY = "1,2";
			};
			name = Debug;
		};
		DBF53AE626552F9B009A3BF5 /* Release */ = {
			isa = XCBuildConfiguration;
			baseConfigurationReference = BE936A3512046DCDA8F30D6B /* Pods-TaskList.release.xcconfig */;
			buildSettings = {
				ASSETCATALOG_COMPILER_APPICON_NAME = AppIcon;
				ASSETCATALOG_COMPILER_GLOBAL_ACCENT_COLOR_NAME = AccentColor;
				CODE_SIGN_STYLE = Automatic;
				DEVELOPMENT_TEAM = BZ37T979L3;
				INFOPLIST_FILE = TaskList/Supporting/Info.plist;
				LD_RUNPATH_SEARCH_PATHS = (
					"$(inherited)",
					"@executable_path/Frameworks",
				);
				PRODUCT_BUNDLE_IDENTIFIER = com.DmitryKononchuk.TaskList;
				PRODUCT_NAME = "$(TARGET_NAME)";
				SWIFT_VERSION = 5.0;
				TARGETED_DEVICE_FAMILY = "1,2";
			};
			name = Release;
		};
/* End XCBuildConfiguration section */

/* Begin XCConfigurationList section */
		DBF53ACB26552F96009A3BF5 /* Build configuration list for PBXProject "TaskList" */ = {
			isa = XCConfigurationList;
			buildConfigurations = (
				DBF53AE226552F9B009A3BF5 /* Debug */,
				DBF53AE326552F9B009A3BF5 /* Release */,
			);
			defaultConfigurationIsVisible = 0;
			defaultConfigurationName = Release;
		};
		DBF53AE426552F9B009A3BF5 /* Build configuration list for PBXNativeTarget "TaskList" */ = {
			isa = XCConfigurationList;
			buildConfigurations = (
				DBF53AE526552F9B009A3BF5 /* Debug */,
				DBF53AE626552F9B009A3BF5 /* Release */,
			);
			defaultConfigurationIsVisible = 0;
			defaultConfigurationName = Release;
		};
/* End XCConfigurationList section */
	};
	rootObject = DBF53AC826552F96009A3BF5 /* Project object */;
}
